// !$*UTF8*$!
{
	archiveVersion = 1;
	classes = {
	};
	objectVersion = 46;
	objects = {

/* Begin PBXBuildFile section */
		1847C2551EA5F79100120281 /* SBVC.swift in Sources */ = {isa = PBXBuildFile; fileRef = 1847C2541EA5F79100120281 /* SBVC.swift */; };
		EB65D7871DAE945100F94A1A /* AppDelegate.swift in Sources */ = {isa = PBXBuildFile; fileRef = EB65D7861DAE945100F94A1A /* AppDelegate.swift */; };
		EB65D7891DAE945100F94A1A /* ViewController.swift in Sources */ = {isa = PBXBuildFile; fileRef = EB65D7881DAE945100F94A1A /* ViewController.swift */; };
		EB65D78C1DAE945100F94A1A /* Main.storyboard in Resources */ = {isa = PBXBuildFile; fileRef = EB65D78A1DAE945100F94A1A /* Main.storyboard */; };
		EB65D78E1DAE945100F94A1A /* Assets.xcassets in Resources */ = {isa = PBXBuildFile; fileRef = EB65D78D1DAE945100F94A1A /* Assets.xcassets */; };
		EB65D7911DAE945100F94A1A /* LaunchScreen.storyboard in Resources */ = {isa = PBXBuildFile; fileRef = EB65D78F1DAE945100F94A1A /* LaunchScreen.storyboard */; };
/* End PBXBuildFile section */

/* Begin PBXFileReference section */
		1847C2541EA5F79100120281 /* SBVC.swift */ = {isa = PBXFileReference; fileEncoding = 4; lastKnownFileType = sourcecode.swift; path = SBVC.swift; sourceTree = "<group>"; };
		EB65D7831DAE945100F94A1A /* SwiftButton.app */ = {isa = PBXFileReference; explicitFileType = wrapper.application; includeInIndex = 0; path = SwiftButton.app; sourceTree = BUILT_PRODUCTS_DIR; };
		EB65D7861DAE945100F94A1A /* AppDelegate.swift */ = {isa = PBXFileReference; lastKnownFileType = sourcecode.swift; path = AppDelegate.swift; sourceTree = "<group>"; };
		EB65D7881DAE945100F94A1A /* ViewController.swift */ = {isa = PBXFileReference; lastKnownFileType = sourcecode.swift; path = ViewController.swift; sourceTree = "<group>"; };
		EB65D78B1DAE945100F94A1A /* Base */ = {isa = PBXFileReference; lastKnownFileType = file.storyboard; name = Base; path = Base.lproj/Main.storyboard; sourceTree = "<group>"; };
		EB65D78D1DAE945100F94A1A /* Assets.xcassets */ = {isa = PBXFileReference; lastKnownFileType = folder.assetcatalog; path = Assets.xcassets; sourceTree = "<group>"; };
		EB65D7901DAE945100F94A1A /* Base */ = {isa = PBXFileReference; lastKnownFileType = file.storyboard; name = Base; path = Base.lproj/LaunchScreen.storyboard; sourceTree = "<group>"; };
		EB65D7921DAE945100F94A1A /* Info.plist */ = {isa = PBXFileReference; lastKnownFileType = text.plist.xml; path = Info.plist; sourceTree = "<group>"; };
/* End PBXFileReference section */

/* Begin PBXFrameworksBuildPhase section */
		EB65D7801DAE945100F94A1A /* Frameworks */ = {
			isa = PBXFrameworksBuildPhase;
			buildActionMask = 2147483647;
			files = (
			);
			runOnlyForDeploymentPostprocessing = 0;
		};
/* End PBXFrameworksBuildPhase section */

/* Begin PBXGroup section */
		EB65D77A1DAE945100F94A1A = {
			isa = PBXGroup;
			children = (
				EB65D7851DAE945100F94A1A /* SwiftButton */,
				EB65D7841DAE945100F94A1A /* Products */,
			);
			sourceTree = "<group>";
		};
		EB65D7841DAE945100F94A1A /* Products */ = {
			isa = PBXGroup;
			children = (
				EB65D7831DAE945100F94A1A /* SwiftButton.app */,
			);
			name = Products;
			sourceTree = "<group>";
		};
		EB65D7851DAE945100F94A1A /* SwiftButton */ = {
			isa = PBXGroup;
			children = (
				EB65D7861DAE945100F94A1A /* AppDelegate.swift */,
				EB65D7881DAE945100F94A1A /* ViewController.swift */,
				1847C2541EA5F79100120281 /* SBVC.swift */,
				EB65D78A1DAE945100F94A1A /* Main.storyboard */,
				EB65D78D1DAE945100F94A1A /* Assets.xcassets */,
				EB65D78F1DAE945100F94A1A /* LaunchScreen.storyboard */,
				EB65D7921DAE945100F94A1A /* Info.plist */,
			);
			path = SwiftButton;
			sourceTree = "<group>";
		};
/* End PBXGroup section */

/* Begin PBXNativeTarget section */
		EB65D7821DAE945100F94A1A /* SwiftButton */ = {
			isa = PBXNativeTarget;
			buildConfigurationList = EB65D7951DAE945100F94A1A /* Build configuration list for PBXNativeTarget "SwiftButton" */;
			buildPhases = (
				EB65D77F1DAE945100F94A1A /* Sources */,
				EB65D7801DAE945100F94A1A /* Frameworks */,
				EB65D7811DAE945100F94A1A /* Resources */,
			);
			buildRules = (
			);
			dependencies = (
			);
			name = SwiftButton;
			productName = SwiftButton;
			productReference = EB65D7831DAE945100F94A1A /* SwiftButton.app */;
			productType = "com.apple.product-type.application";
		};
/* End PBXNativeTarget section */

/* Begin PBXProject section */
		EB65D77B1DAE945100F94A1A /* Project object */ = {
			isa = PBXProject;
			attributes = {
				LastSwiftUpdateCheck = 0800;
				LastUpgradeCheck = 0800;
				ORGANIZATIONNAME = com.ylgwhyh.SwiftButton;
				TargetAttributes = {
					EB65D7821DAE945100F94A1A = {
						CreatedOnToolsVersion = 8.0;
						ProvisioningStyle = Automatic;
					};
				};
			};
			buildConfigurationList = EB65D77E1DAE945100F94A1A /* Build configuration list for PBXProject "SwiftButton" */;
			compatibilityVersion = "Xcode 3.2";
			developmentRegion = English;
			hasScannedForEncodings = 0;
			knownRegions = (
				en,
				Base,
			);
			mainGroup = EB65D77A1DAE945100F94A1A;
			productRefGroup = EB65D7841DAE945100F94A1A /* Products */;
			projectDirPath = "";
			projectRoot = "";
			targets = (
				EB65D7821DAE945100F94A1A /* SwiftButton */,
			);
		};
/* End PBXProject section */

/* Begin PBXResourcesBuildPhase section */
		EB65D7811DAE945100F94A1A /* Resources */ = {
			isa = PBXResourcesBuildPhase;
			buildActionMask = 2147483647;
			files = (
				EB65D7911DAE945100F94A1A /* LaunchScreen.storyboard in Resources */,
				EB65D78E1DAE945100F94A1A /* Assets.xcassets in Resources */,
				EB65D78C1DAE945100F94A1A /* Main.storyboard in Resources */,
			);
			runOnlyForDeploymentPostprocessing = 0;
		};
/* End PBXResourcesBuildPhase section */

/* Begin PBXSourcesBuildPhase section */
		EB65D77F1DAE945100F94A1A /* Sources */ = {
			isa = PBXSourcesBuildPhase;
			buildActionMask = 2147483647;
			files = (
				1847C2551EA5F79100120281 /* SBVC.swift in Sources */,
				EB65D7891DAE945100F94A1A /* ViewController.swift in Sources */,
				EB65D7871DAE945100F94A1A /* AppDelegate.swift in Sources */,
			);
			runOnlyForDeploymentPostprocessing = 0;
		};
/* End PBXSourcesBuildPhase section */

/* Begin PBXVariantGroup section */
		EB65D78A1DAE945100F94A1A /* Main.storyboard */ = {
			isa = PBXVariantGroup;
			children = (
				EB65D78B1DAE945100F94A1A /* Base */,
			);
			name = Main.storyboard;
			sourceTree = "<group>";
		};
		EB65D78F1DAE945100F94A1A /* LaunchScreen.storyboard */ = {
			isa = PBXVariantGroup;
			children = (
				EB65D7901DAE945100F94A1A /* Base */,
			);
			name = LaunchScreen.storyboard;
			sourceTree = "<group>";
		};
/* End PBXVariantGroup section */

/* Begin XCBuildConfiguration section */
		EB65D7931DAE945100F94A1A /* Debug */ = {
			isa = XCBuildConfiguration;
			buildSettings = {
				ALWAYS_SEARCH_USER_PATHS = NO;
				CLANG_ANALYZER_NONNULL = YES;
				CLANG_CXX_LANGUAGE_STANDARD = "gnu++0x";
				CLANG_CXX_LIBRARY = "libc++";
				CLANG_ENABLE_MODULES = YES;
				CLANG_ENABLE_OBJC_ARC = YES;
				CLANG_WARN_BOOL_CONVERSION = YES;
				CLANG_WARN_CONSTANT_CONVERSION = YES;
				CLANG_WARN_DIRECT_OBJC_ISA_USAGE = YES_ERROR;
				CLANG_WARN_DOCUMENTATION_COMMENTS = YES;
				CLANG_WARN_EMPTY_BODY = YES;
				CLANG_WARN_ENUM_CONVERSION = YES;
				CLANG_WARN_INFINITE_RECURSION = YES;
				CLANG_WARN_INT_CONVERSION = YES;
				CLANG_WARN_OBJC_ROOT_CLASS = YES_ERROR;
				CLANG_WARN_SUSPICIOUS_MOVES = YES;
				CLANG_WARN_UNREACHABLE_CODE = YES;
				CLANG_WARN__DUPLICATE_METHOD_MATCH = YES;
				"CODE_SIGN_IDENTITY[sdk=iphoneos*]" = "iPhone Developer";
				COPY_PHASE_STRIP = NO;
				DEBUG_INFORMATION_FORMAT = dwarf;
				ENABLE_STRICT_OBJC_MSGSEND = YES;
				ENABLE_TESTABILITY = YES;
				GCC_C_LANGUAGE_STANDARD = gnu99;
				GCC_DYNAMIC_NO_PIC = NO;
				GCC_NO_COMMON_BLOCKS = YES;
				GCC_OPTIMIZATION_LEVEL = 0;
				GCC_PREPROCESSOR_DEFINITIONS = (
					"DEBUG=1",
					"$(inherited)",
				);
				GCC_WARN_64_TO_32_BIT_CONVERSION = YES;
				GCC_WARN_ABOUT_RETURN_TYPE = YES_ERROR;
				GCC_WARN_UNDECLARED_SELECTOR = YES;
				GCC_WARN_UNINITIALIZED_AUTOS = YES_AGGRESSIVE;
				GCC_WARN_UNUSED_FUNCTION = YES;
				GCC_WARN_UNUSED_VARIABLE = YES;
				IPHONEOS_DEPLOYMENT_TARGET = 10.0;
				MTL_ENABLE_DEBUG_INFO = YES;
				ONLY_ACTIVE_ARCH = YES;
				SDKROOT = iphoneos;
				SWIFT_ACTIVE_COMPILATION_CONDITIONS = DEBUG;
				SWIFT_OPTIMIZATION_LEVEL = "-Onone";
			};
			name = Debug;
		};
		EB65D7941DAE945100F94A1A /* Release */ = {
			isa = XCBuildConfiguration;
			buildSettings = {
				ALWAYS_SEARCH_USER_PATHS = NO;
				CLANG_ANALYZER_NONNULL = YES;
				CLANG_CXX_LANGUAGE_STANDARD = "gnu++0x";
				CLANG_CXX_LIBRARY = "libc++";
				CLANG_ENABLE_MODULES = YES;
				CLANG_ENABLE_OBJC_ARC = YES;
				CLANG_WARN_BOOL_CONVERSION = YES;
				CLANG_WARN_CONSTANT_CONVERSION = YES;
				CLANG_WARN_DIRECT_OBJC_ISA_USAGE = YES_ERROR;
				CLANG_WARN_DOCUMENTATION_COMMENTS = YES;
				CLANG_WARN_EMPTY_BODY = YES;
				CLANG_WARN_ENUM_CONVERSION = YES;
				CLANG_WARN_INFINITE_RECURSION = YES;
				CLANG_WARN_INT_CONVERSION = YES;
				CLANG_WARN_OBJC_ROOT_CLASS = YES_ERROR;
				CLANG_WARN_SUSPICIOUS_MOVES = YES;
				CLANG_WARN_UNREACHABLE_CODE = YES;
				CLANG_WARN__DUPLICATE_METHOD_MATCH = YES;
				"CODE_SIGN_IDENTITY[sdk=iphoneos*]" = "iPhone Developer";
				COPY_PHASE_STRIP = NO;
				DEBUG_INFORMATION_FORMAT = "dwarf-with-dsym";
				ENABLE_NS_ASSERTIONS = NO;
				ENABLE_STRICT_OBJC_MSGSEND = YES;
				GCC_C_LANGUAGE_STANDARD = gnu99;
				GCC_NO_COMMON_BLOCKS = YES;
				GCC_WARN_64_TO_32_BIT_CONVERSION = YES;
				GCC_WARN_ABOUT_RETURN_TYPE = YES_ERROR;
				GCC_WARN_UNDECLARED_SELECTOR = YES;
				GCC_WARN_UNINITIALIZED_AUTOS = YES_AGGRESSIVE;
				GCC_WARN_UNUSED_FUNCTION = YES;
				GCC_WARN_UNUSED_VARIABLE = YES;
				IPHONEOS_DEPLOYMENT_TARGET = 10.0;
				MTL_ENABLE_DEBUG_INFO = NO;
				SDKROOT = iphoneos;
				SWIFT_OPTIMIZATION_LEVEL = "-Owholemodule";
				VALIDATE_PRODUCT = YES;
			};
			name = Release;
		};
		EB65D7961DAE945100F94A1A /* Debug */ = {
			isa = XCBuildConfiguration;
			buildSettings = {
				ASSETCATALOG_COMPILER_APPICON_NAME = AppIcon;
				INFOPLIST_FILE = SwiftButton/Info.plist;
				LD_RUNPATH_SEARCH_PATHS = "$(inherited) @executable_path/Frameworks";
				PRODUCT_BUNDLE_IDENTIFIER = ylgwhyh.SwiftButton;
				PRODUCT_NAME = "$(TARGET_NAME)";
				SWIFT_VERSION = 3.0;
			};
			name = Debug;
		};
		EB65D7971DAE945100F94A1A /* Release */ = {
			isa = XCBuildConfiguration;
			buildSettings = {
				ASSETCATALOG_COMPILER_APPICON_NAME = AppIcon;
				INFOPLIST_FILE = SwiftButton/Info.plist;
				LD_RUNPATH_SEARCH_PATHS = "$(inherited) @executable_path/Frameworks";
				PRODUCT_BUNDLE_IDENTIFIER = ylgwhyh.SwiftButton;
				PRODUCT_NAME = "$(TARGET_NAME)";
				SWIFT_VERSION = 3.0;
			};
			name = Release;
		};
/* End XCBuildConfiguration section */

/* Begin XCConfigurationList section */
		EB65D77E1DAE945100F94A1A /* Build configuration list for PBXProject "SwiftButton" */ = {
			isa = XCConfigurationList;
			buildConfigurations = (
				EB65D7931DAE945100F94A1A /* Debug */,
				EB65D7941DAE945100F94A1A /* Release */,
			);
			defaultConfigurationIsVisible = 0;
			defaultConfigurationName = Release;
		};
		EB65D7951DAE945100F94A1A /* Build configuration list for PBXNativeTarget "SwiftButton" */ = {
			isa = XCConfigurationList;
			buildConfigurations = (
				EB65D7961DAE945100F94A1A /* Debug */,
				EB65D7971DAE945100F94A1A /* Release */,
			);
			defaultConfigurationIsVisible = 0;
			defaultConfigurationName = Release;
		};
/* End XCConfigurationList section */
	};
	rootObject = EB65D77B1DAE945100F94A1A /* Project object */;
}
